
Microsoft Visual Studio Solution File, Format Version 12.00
# Visual Studio Version 16
VisualStudioVersion = 16.0.30907.101
MinimumVisualStudioVersion = 10.0.40219.1
Project("{FAE04EC0-301F-11D3-BF4B-00C04F79EFBC}") = "KanbanConsoleApp", "KanbanConsoleApp\KanbanConsoleApp.csproj", "{1A70BEC1-58E7-4BDA-B215-4DB4842E8C8D}"
EndProject
Global
	GlobalSection(SolutionConfigurationPlatforms) = preSolution
		Debug|Any CPU = Debug|Any CPU
		Release|Any CPU = Release|Any CPU
	EndGlobalSection
	GlobalSection(ProjectConfigurationPlatforms) = postSolution
		{1A70BEC1-58E7-4BDA-B215-4DB4842E8C8D}.Debug|Any CPU.ActiveCfg = Debug|Any CPU
		{1A70BEC1-58E7-4BDA-B215-4DB4842E8C8D}.Debug|Any CPU.Build.0 = Debug|Any CPU
		{1A70BEC1-58E7-4BDA-B215-4DB4842E8C8D}.Release|Any CPU.ActiveCfg = Release|Any CPU
		{1A70BEC1-58E7-4BDA-B215-4DB4842E8C8D}.Release|Any CPU.Build.0 = Release|Any CPU
	EndGlobalSection
	GlobalSection(SolutionProperties) = preSolution
		HideSolutionNode = FALSE
	EndGlobalSection
	GlobalSection(ExtensibilityGlobals) = postSolution
		SolutionGuid = {C6CADC9E-5BBA-40F5-9867-0E2A7A4A4869}
	EndGlobalSection
EndGlobal
